
Microsoft Visual Studio Solution File, Format Version 12.00
# Visual Studio Version 17
VisualStudioVersion = 17.6.33723.286
MinimumVisualStudioVersion = 10.0.40219.1
Project("{FAE04EC0-301F-11D3-BF4B-00C04F79EFBC}") = "PagaDirectSample.Server", "PagaDirectSample\Server\PagaDirectSample.Server.csproj", "{500C2EC5-9878-46D1-82A8-659001147829}"
EndProject
Project("{FAE04EC0-301F-11D3-BF4B-00C04F79EFBC}") = "PagaDirectSample.Client", "PagaDirectSample\Client\PagaDirectSample.Client.csproj", "{8BED05E8-14E7-4DAF-88BA-D05E83EE1235}"
EndProject
Project("{FAE04EC0-301F-11D3-BF4B-00C04F79EFBC}") = "PagaDirectSample.Shared", "PagaDirectSample\Shared\PagaDirectSample.Shared.csproj", "{05CA08D9-FD38-45D2-9CFC-D8F9A6318352}"
EndProject
Project("{2150E333-8FDC-42A3-9474-1A3956D46DE8}") = "Solution Items", "Solution Items", "{5F881BC6-0DFC-4353-AD01-5F302223575E}"
	ProjectSection(SolutionItems) = preProject
		Readme.md = Readme.md
	EndProjectSection
EndProject
Global
	GlobalSection(SolutionConfigurationPlatforms) = preSolution
		Debug|Any CPU = Debug|Any CPU
		Release|Any CPU = Release|Any CPU
	EndGlobalSection
	GlobalSection(ProjectConfigurationPlatforms) = postSolution
		{500C2EC5-9878-46D1-82A8-659001147829}.Debug|Any CPU.ActiveCfg = Debug|Any CPU
		{500C2EC5-9878-46D1-82A8-659001147829}.Debug|Any CPU.Build.0 = Debug|Any CPU
		{500C2EC5-9878-46D1-82A8-659001147829}.Release|Any CPU.ActiveCfg = Release|Any CPU
		{500C2EC5-9878-46D1-82A8-659001147829}.Release|Any CPU.Build.0 = Release|Any CPU
		{8BED05E8-14E7-4DAF-88BA-D05E83EE1235}.Debug|Any CPU.ActiveCfg = Debug|Any CPU
		{8BED05E8-14E7-4DAF-88BA-D05E83EE1235}.Debug|Any CPU.Build.0 = Debug|Any CPU
		{8BED05E8-14E7-4DAF-88BA-D05E83EE1235}.Release|Any CPU.ActiveCfg = Release|Any CPU
		{8BED05E8-14E7-4DAF-88BA-D05E83EE1235}.Release|Any CPU.Build.0 = Release|Any CPU
		{05CA08D9-FD38-45D2-9CFC-D8F9A6318352}.Debug|Any CPU.ActiveCfg = Debug|Any CPU
		{05CA08D9-FD38-45D2-9CFC-D8F9A6318352}.Debug|Any CPU.Build.0 = Debug|Any CPU
		{05CA08D9-FD38-45D2-9CFC-D8F9A6318352}.Release|Any CPU.ActiveCfg = Release|Any CPU
		{05CA08D9-FD38-45D2-9CFC-D8F9A6318352}.Release|Any CPU.Build.0 = Release|Any CPU
	EndGlobalSection
	GlobalSection(SolutionProperties) = preSolution
		HideSolutionNode = FALSE
	EndGlobalSection
	GlobalSection(ExtensibilityGlobals) = postSolution
		SolutionGuid = {62BEA6B6-13DF-4A6F-AF66-113AAB6A3D3B}
	EndGlobalSection
EndGlobal
